// !$*UTF8*$!
{
	archiveVersion = 1;
	classes = {
	};
	objectVersion = 50;
	objects = {

/* Begin PBXBuildFile section */
		8D2A8044249F7CDE00A9539E /* CollectionViewController.swift in Sources */ = {isa = PBXBuildFile; fileRef = 8D2A8043249F7CDE00A9539E /* CollectionViewController.swift */; };
		8D91B62324AF2FA200899B3F /* Constance.swift in Sources */ = {isa = PBXBuildFile; fileRef = 8D91B62224AF2FA200899B3F /* Constance.swift */; };
		8DBD930A24926ADF00CE95C5 /* AppDelegate.swift in Sources */ = {isa = PBXBuildFile; fileRef = 8DBD930924926ADF00CE95C5 /* AppDelegate.swift */; };
		8DBD930C24926ADF00CE95C5 /* SceneDelegate.swift in Sources */ = {isa = PBXBuildFile; fileRef = 8DBD930B24926ADF00CE95C5 /* SceneDelegate.swift */; };
		8DBD931124926ADF00CE95C5 /* Main.storyboard in Resources */ = {isa = PBXBuildFile; fileRef = 8DBD930F24926ADF00CE95C5 /* Main.storyboard */; };
		8DBD931424926ADF00CE95C5 /* Decisions.xcdatamodeld in Sources */ = {isa = PBXBuildFile; fileRef = 8DBD931224926ADF00CE95C5 /* Decisions.xcdatamodeld */; };
		8DBD931624926AE100CE95C5 /* Assets.xcassets in Resources */ = {isa = PBXBuildFile; fileRef = 8DBD931524926AE100CE95C5 /* Assets.xcassets */; };
		8DBD931924926AE100CE95C5 /* LaunchScreen.storyboard in Resources */ = {isa = PBXBuildFile; fileRef = 8DBD931724926AE100CE95C5 /* LaunchScreen.storyboard */; };
		8DBD9322249278AC00CE95C5 /* ValuesViewController.swift in Sources */ = {isa = PBXBuildFile; fileRef = 8DBD9321249278AC00CE95C5 /* ValuesViewController.swift */; };
		8DBE680124ACD44B009D441D /* AppBrain.swift in Sources */ = {isa = PBXBuildFile; fileRef = 8DBE680024ACD44B009D441D /* AppBrain.swift */; };
/* End PBXBuildFile section */

/* Begin PBXFileReference section */
		8D2A8043249F7CDE00A9539E /* CollectionViewController.swift */ = {isa = PBXFileReference; lastKnownFileType = sourcecode.swift; path = CollectionViewController.swift; sourceTree = "<group>"; };
		8D91B62224AF2FA200899B3F /* Constance.swift */ = {isa = PBXFileReference; lastKnownFileType = sourcecode.swift; path = Constance.swift; sourceTree = "<group>"; };
		8DBD930624926ADF00CE95C5 /* Decisions.app */ = {isa = PBXFileReference; explicitFileType = wrapper.application; includeInIndex = 0; path = Decisions.app; sourceTree = BUILT_PRODUCTS_DIR; };
		8DBD930924926ADF00CE95C5 /* AppDelegate.swift */ = {isa = PBXFileReference; lastKnownFileType = sourcecode.swift; path = AppDelegate.swift; sourceTree = "<group>"; };
		8DBD930B24926ADF00CE95C5 /* SceneDelegate.swift */ = {isa = PBXFileReference; lastKnownFileType = sourcecode.swift; path = SceneDelegate.swift; sourceTree = "<group>"; };
		8DBD931024926ADF00CE95C5 /* Base */ = {isa = PBXFileReference; lastKnownFileType = file.storyboard; name = Base; path = Base.lproj/Main.storyboard; sourceTree = "<group>"; };
		8DBD931324926ADF00CE95C5 /* Decisions.xcdatamodel */ = {isa = PBXFileReference; lastKnownFileType = wrapper.xcdatamodel; path = Decisions.xcdatamodel; sourceTree = "<group>"; };
		8DBD931524926AE100CE95C5 /* Assets.xcassets */ = {isa = PBXFileReference; lastKnownFileType = folder.assetcatalog; path = Assets.xcassets; sourceTree = "<group>"; };
		8DBD931824926AE100CE95C5 /* Base */ = {isa = PBXFileReference; lastKnownFileType = file.storyboard; name = Base; path = Base.lproj/LaunchScreen.storyboard; sourceTree = "<group>"; };
		8DBD931A24926AE100CE95C5 /* Info.plist */ = {isa = PBXFileReference; lastKnownFileType = text.plist.xml; path = Info.plist; sourceTree = "<group>"; };
		8DBD9321249278AC00CE95C5 /* ValuesViewController.swift */ = {isa = PBXFileReference; lastKnownFileType = sourcecode.swift; path = ValuesViewController.swift; sourceTree = "<group>"; };
		8DBE680024ACD44B009D441D /* AppBrain.swift */ = {isa = PBXFileReference; lastKnownFileType = sourcecode.swift; path = AppBrain.swift; sourceTree = "<group>"; };
/* End PBXFileReference section */

/* Begin PBXFrameworksBuildPhase section */
		8DBD930324926ADF00CE95C5 /* Frameworks */ = {
			isa = PBXFrameworksBuildPhase;
			buildActionMask = 2147483647;
			files = (
			);
			runOnlyForDeploymentPostprocessing = 0;
		};
/* End PBXFrameworksBuildPhase section */

/* Begin PBXGroup section */
		8DBD92FD24926ADE00CE95C5 = {
			isa = PBXGroup;
			children = (
				8DBD930824926ADF00CE95C5 /* Decisions */,
				8DBD930724926ADF00CE95C5 /* Products */,
			);
			sourceTree = "<group>";
		};
		8DBD930724926ADF00CE95C5 /* Products */ = {
			isa = PBXGroup;
			children = (
				8DBD930624926ADF00CE95C5 /* Decisions.app */,
			);
			name = Products;
			sourceTree = "<group>";
		};
		8DBD930824926ADF00CE95C5 /* Decisions */ = {
			isa = PBXGroup;
			children = (
				8DBD930924926ADF00CE95C5 /* AppDelegate.swift */,
				8DBD930B24926ADF00CE95C5 /* SceneDelegate.swift */,
				8DBE680224ACD454009D441D /* Modul */,
				8DBD93202492774100CE95C5 /* Controllers */,
				8DBD930F24926ADF00CE95C5 /* Main.storyboard */,
				8DBD931524926AE100CE95C5 /* Assets.xcassets */,
				8DBD931724926AE100CE95C5 /* LaunchScreen.storyboard */,
				8DBD931A24926AE100CE95C5 /* Info.plist */,
				8DBD931224926ADF00CE95C5 /* Decisions.xcdatamodeld */,
				8D91B62224AF2FA200899B3F /* Constance.swift */,
			);
			path = Decisions;
			sourceTree = "<group>";
		};
		8DBD93202492774100CE95C5 /* Controllers */ = {
			isa = PBXGroup;
			children = (
				8D2A8043249F7CDE00A9539E /* CollectionViewController.swift */,
				8DBD9321249278AC00CE95C5 /* ValuesViewController.swift */,
			);
			path = Controllers;
			sourceTree = "<group>";
		};
		8DBE680224ACD454009D441D /* Modul */ = {
			isa = PBXGroup;
			children = (
				8DBE680024ACD44B009D441D /* AppBrain.swift */,
			);
			path = Modul;
			sourceTree = "<group>";
		};
/* End PBXGroup section */

/* Begin PBXNativeTarget section */
		8DBD930524926ADF00CE95C5 /* Decisions */ = {
			isa = PBXNativeTarget;
			buildConfigurationList = 8DBD931D24926AE100CE95C5 /* Build configuration list for PBXNativeTarget "Decisions" */;
			buildPhases = (
				8DBD930224926ADF00CE95C5 /* Sources */,
				8DBD930324926ADF00CE95C5 /* Frameworks */,
				8DBD930424926ADF00CE95C5 /* Resources */,
			);
			buildRules = (
			);
			dependencies = (
			);
			name = Decisions;
			productName = Decisions;
			productReference = 8DBD930624926ADF00CE95C5 /* Decisions.app */;
			productType = "com.apple.product-type.application";
		};
/* End PBXNativeTarget section */

/* Begin PBXProject section */
		8DBD92FE24926ADE00CE95C5 /* Project object */ = {
			isa = PBXProject;
			attributes = {
				LastSwiftUpdateCheck = 1140;
				LastUpgradeCheck = 1140;
				ORGANIZATIONNAME = "Misha Dovhiy";
				TargetAttributes = {
					8DBD930524926ADF00CE95C5 = {
						CreatedOnToolsVersion = 11.4;
					};
				};
			};
			buildConfigurationList = 8DBD930124926ADE00CE95C5 /* Build configuration list for PBXProject "Decisions" */;
			compatibilityVersion = "Xcode 9.3";
			developmentRegion = en;
			hasScannedForEncodings = 0;
			knownRegions = (
				en,
				Base,
			);
			mainGroup = 8DBD92FD24926ADE00CE95C5;
			productRefGroup = 8DBD930724926ADF00CE95C5 /* Products */;
			projectDirPath = "";
			projectRoot = "";
			targets = (
				8DBD930524926ADF00CE95C5 /* Decisions */,
			);
		};
/* End PBXProject section */

/* Begin PBXResourcesBuildPhase section */
		8DBD930424926ADF00CE95C5 /* Resources */ = {
			isa = PBXResourcesBuildPhase;
			buildActionMask = 2147483647;
			files = (
				8DBD931924926AE100CE95C5 /* LaunchScreen.storyboard in Resources */,
				8DBD931624926AE100CE95C5 /* Assets.xcassets in Resources */,
				8DBD931124926ADF00CE95C5 /* Main.storyboard in Resources */,
			);
			runOnlyForDeploymentPostprocessing = 0;
		};
/* End PBXResourcesBuildPhase section */

/* Begin PBXSourcesBuildPhase section */
		8DBD930224926ADF00CE95C5 /* Sources */ = {
			isa = PBXSourcesBuildPhase;
			buildActionMask = 2147483647;
			files = (
				8DBD9322249278AC00CE95C5 /* ValuesViewController.swift in Sources */,
				8DBD930A24926ADF00CE95C5 /* AppDelegate.swift in Sources */,
				8DBD930C24926ADF00CE95C5 /* SceneDelegate.swift in Sources */,
				8D2A8044249F7CDE00A9539E /* CollectionViewController.swift in Sources */,
				8DBD931424926ADF00CE95C5 /* Decisions.xcdatamodeld in Sources */,
				8DBE680124ACD44B009D441D /* AppBrain.swift in Sources */,
				8D91B62324AF2FA200899B3F /* Constance.swift in Sources */,
			);
			runOnlyForDeploymentPostprocessing = 0;
		};
/* End PBXSourcesBuildPhase section */

/* Begin PBXVariantGroup section */
		8DBD930F24926ADF00CE95C5 /* Main.storyboard */ = {
			isa = PBXVariantGroup;
			children = (
				8DBD931024926ADF00CE95C5 /* Base */,
			);
			name = Main.storyboard;
			sourceTree = "<group>";
		};
		8DBD931724926AE100CE95C5 /* LaunchScreen.storyboard */ = {
			isa = PBXVariantGroup;
			children = (
				8DBD931824926AE100CE95C5 /* Base */,
			);
			name = LaunchScreen.storyboard;
			sourceTree = "<group>";
		};
/* End PBXVariantGroup section */

/* Begin XCBuildConfiguration section */
		8DBD931B24926AE100CE95C5 /* Debug */ = {
			isa = XCBuildConfiguration;
			buildSettings = {
				ALWAYS_SEARCH_USER_PATHS = NO;
				CLANG_ANALYZER_NONNULL = YES;
				CLANG_ANALYZER_NUMBER_OBJECT_CONVERSION = YES_AGGRESSIVE;
				CLANG_CXX_LANGUAGE_STANDARD = "gnu++14";
				CLANG_CXX_LIBRARY = "libc++";
				CLANG_ENABLE_MODULES = YES;
				CLANG_ENABLE_OBJC_ARC = YES;
				CLANG_ENABLE_OBJC_WEAK = YES;
				CLANG_WARN_BLOCK_CAPTURE_AUTORELEASING = YES;
				CLANG_WARN_BOOL_CONVERSION = YES;
				CLANG_WARN_COMMA = YES;
				CLANG_WARN_CONSTANT_CONVERSION = YES;
				CLANG_WARN_DEPRECATED_OBJC_IMPLEMENTATIONS = YES;
				CLANG_WARN_DIRECT_OBJC_ISA_USAGE = YES_ERROR;
				CLANG_WARN_DOCUMENTATION_COMMENTS = YES;
				CLANG_WARN_EMPTY_BODY = YES;
				CLANG_WARN_ENUM_CONVERSION = YES;
				CLANG_WARN_INFINITE_RECURSION = YES;
				CLANG_WARN_INT_CONVERSION = YES;
				CLANG_WARN_NON_LITERAL_NULL_CONVERSION = YES;
				CLANG_WARN_OBJC_IMPLICIT_RETAIN_SELF = YES;
				CLANG_WARN_OBJC_LITERAL_CONVERSION = YES;
				CLANG_WARN_OBJC_ROOT_CLASS = YES_ERROR;
				CLANG_WARN_RANGE_LOOP_ANALYSIS = YES;
				CLANG_WARN_STRICT_PROTOTYPES = YES;
				CLANG_WARN_SUSPICIOUS_MOVE = YES;
				CLANG_WARN_UNGUARDED_AVAILABILITY = YES_AGGRESSIVE;
				CLANG_WARN_UNREACHABLE_CODE = YES;
				CLANG_WARN__DUPLICATE_METHOD_MATCH = YES;
				COPY_PHASE_STRIP = NO;
				DEBUG_INFORMATION_FORMAT = dwarf;
				ENABLE_STRICT_OBJC_MSGSEND = YES;
				ENABLE_TESTABILITY = YES;
				GCC_C_LANGUAGE_STANDARD = gnu11;
				GCC_DYNAMIC_NO_PIC = NO;
				GCC_NO_COMMON_BLOCKS = YES;
				GCC_OPTIMIZATION_LEVEL = 0;
				GCC_PREPROCESSOR_DEFINITIONS = (
					"DEBUG=1",
					"$(inherited)",
				);
				GCC_WARN_64_TO_32_BIT_CONVERSION = YES;
				GCC_WARN_ABOUT_RETURN_TYPE = YES_ERROR;
				GCC_WARN_UNDECLARED_SELECTOR = YES;
				GCC_WARN_UNINITIALIZED_AUTOS = YES_AGGRESSIVE;
				GCC_WARN_UNUSED_FUNCTION = YES;
				GCC_WARN_UNUSED_VARIABLE = YES;
				IPHONEOS_DEPLOYMENT_TARGET = 13.4;
				MTL_ENABLE_DEBUG_INFO = INCLUDE_SOURCE;
				MTL_FAST_MATH = YES;
				ONLY_ACTIVE_ARCH = YES;
				SDKROOT = iphoneos;
				SWIFT_ACTIVE_COMPILATION_CONDITIONS = DEBUG;
				SWIFT_OPTIMIZATION_LEVEL = "-Onone";
			};
			name = Debug;
		};
		8DBD931C24926AE100CE95C5 /* Release */ = {
			isa = XCBuildConfiguration;
			buildSettings = {
				ALWAYS_SEARCH_USER_PATHS = NO;
				CLANG_ANALYZER_NONNULL = YES;
				CLANG_ANALYZER_NUMBER_OBJECT_CONVERSION = YES_AGGRESSIVE;
				CLANG_CXX_LANGUAGE_STANDARD = "gnu++14";
				CLANG_CXX_LIBRARY = "libc++";
				CLANG_ENABLE_MODULES = YES;
				CLANG_ENABLE_OBJC_ARC = YES;
				CLANG_ENABLE_OBJC_WEAK = YES;
				CLANG_WARN_BLOCK_CAPTURE_AUTORELEASING = YES;
				CLANG_WARN_BOOL_CONVERSION = YES;
				CLANG_WARN_COMMA = YES;
				CLANG_WARN_CONSTANT_CONVERSION = YES;
				CLANG_WARN_DEPRECATED_OBJC_IMPLEMENTATIONS = YES;
				CLANG_WARN_DIRECT_OBJC_ISA_USAGE = YES_ERROR;
				CLANG_WARN_DOCUMENTATION_COMMENTS = YES;
				CLANG_WARN_EMPTY_BODY = YES;
				CLANG_WARN_ENUM_CONVERSION = YES;
				CLANG_WARN_INFINITE_RECURSION = YES;
				CLANG_WARN_INT_CONVERSION = YES;
				CLANG_WARN_NON_LITERAL_NULL_CONVERSION = YES;
				CLANG_WARN_OBJC_IMPLICIT_RETAIN_SELF = YES;
				CLANG_WARN_OBJC_LITERAL_CONVERSION = YES;
				CLANG_WARN_OBJC_ROOT_CLASS = YES_ERROR;
				CLANG_WARN_RANGE_LOOP_ANALYSIS = YES;
				CLANG_WARN_STRICT_PROTOTYPES = YES;
				CLANG_WARN_SUSPICIOUS_MOVE = YES;
				CLANG_WARN_UNGUARDED_AVAILABILITY = YES_AGGRESSIVE;
				CLANG_WARN_UNREACHABLE_CODE = YES;
				CLANG_WARN__DUPLICATE_METHOD_MATCH = YES;
				COPY_PHASE_STRIP = NO;
				DEBUG_INFORMATION_FORMAT = "dwarf-with-dsym";
				ENABLE_NS_ASSERTIONS = NO;
				ENABLE_STRICT_OBJC_MSGSEND = YES;
				GCC_C_LANGUAGE_STANDARD = gnu11;
				GCC_NO_COMMON_BLOCKS = YES;
				GCC_WARN_64_TO_32_BIT_CONVERSION = YES;
				GCC_WARN_ABOUT_RETURN_TYPE = YES_ERROR;
				GCC_WARN_UNDECLARED_SELECTOR = YES;
				GCC_WARN_UNINITIALIZED_AUTOS = YES_AGGRESSIVE;
				GCC_WARN_UNUSED_FUNCTION = YES;
				GCC_WARN_UNUSED_VARIABLE = YES;
				IPHONEOS_DEPLOYMENT_TARGET = 13.4;
				MTL_ENABLE_DEBUG_INFO = NO;
				MTL_FAST_MATH = YES;
				SDKROOT = iphoneos;
				SWIFT_COMPILATION_MODE = wholemodule;
				SWIFT_OPTIMIZATION_LEVEL = "-O";
				VALIDATE_PRODUCT = YES;
			};
			name = Release;
		};
		8DBD931E24926AE100CE95C5 /* Debug */ = {
			isa = XCBuildConfiguration;
			buildSettings = {
				ASSETCATALOG_COMPILER_APPICON_NAME = AppIcon;
				CODE_SIGN_STYLE = Automatic;
				DEVELOPMENT_TEAM = FQA2XH9ZUM;
				INFOPLIST_FILE = Decisions/Info.plist;
				IPHONEOS_DEPLOYMENT_TARGET = 12.0;
				LD_RUNPATH_SEARCH_PATHS = (
					"$(inherited)",
					"@executable_path/Frameworks",
				);
				PRODUCT_BUNDLE_IDENTIFIER = Dovhiy.Misha.Decisions;
				PRODUCT_NAME = "$(TARGET_NAME)";
				SWIFT_VERSION = 5.0;
				TARGETED_DEVICE_FAMILY = "1,2";
			};
			name = Debug;
		};
		8DBD931F24926AE100CE95C5 /* Release */ = {
			isa = XCBuildConfiguration;
			buildSettings = {
				ASSETCATALOG_COMPILER_APPICON_NAME = AppIcon;
				CODE_SIGN_STYLE = Automatic;
				DEVELOPMENT_TEAM = FQA2XH9ZUM;
				INFOPLIST_FILE = Decisions/Info.plist;
				IPHONEOS_DEPLOYMENT_TARGET = 12.0;
				LD_RUNPATH_SEARCH_PATHS = (
					"$(inherited)",
					"@executable_path/Frameworks",
				);
				PRODUCT_BUNDLE_IDENTIFIER = Dovhiy.Misha.Decisions;
				PRODUCT_NAME = "$(TARGET_NAME)";
				SWIFT_VERSION = 5.0;
				TARGETED_DEVICE_FAMILY = "1,2";
			};
			name = Release;
		};
/* End XCBuildConfiguration section */

/* Begin XCConfigurationList section */
		8DBD930124926ADE00CE95C5 /* Build configuration list for PBXProject "Decisions" */ = {
			isa = XCConfigurationList;
			buildConfigurations = (
				8DBD931B24926AE100CE95C5 /* Debug */,
				8DBD931C24926AE100CE95C5 /* Release */,
			);
			defaultConfigurationIsVisible = 0;
			defaultConfigurationName = Release;
		};
		8DBD931D24926AE100CE95C5 /* Build configuration list for PBXNativeTarget "Decisions" */ = {
			isa = XCConfigurationList;
			buildConfigurations = (
				8DBD931E24926AE100CE95C5 /* Debug */,
				8DBD931F24926AE100CE95C5 /* Release */,
			);
			defaultConfigurationIsVisible = 0;
			defaultConfigurationName = Release;
		};
/* End XCConfigurationList section */

/* Begin XCVersionGroup section */
		8DBD931224926ADF00CE95C5 /* Decisions.xcdatamodeld */ = {
			isa = XCVersionGroup;
			children = (
				8DBD931324926ADF00CE95C5 /* Decisions.xcdatamodel */,
			);
			currentVersion = 8DBD931324926ADF00CE95C5 /* Decisions.xcdatamodel */;
			path = Decisions.xcdatamodeld;
			sourceTree = "<group>";
			versionGroupType = wrapper.xcdatamodel;
		};
/* End XCVersionGroup section */
	};
	rootObject = 8DBD92FE24926ADE00CE95C5 /* Project object */;
}
