// !$*UTF8*$!
{
	archiveVersion = 1;
	classes = {
	};
	objectVersion = 56;
	objects = {

/* Begin PBXBuildFile section */
		8D71514C2BD5EC5D000597CB /* LaunchScreen.storyboard in Resources */ = {isa = PBXBuildFile; fileRef = 8DFCA1A22BCF2D8C00020FBD /* LaunchScreen.storyboard */; };
		8D71514D2BD5EC5D000597CB /* Main.storyboard in Resources */ = {isa = PBXBuildFile; fileRef = 8DFCA1A42BCF2D8C00020FBD /* Main.storyboard */; };
		8DFCA1AE2BCF2D8D00020FBD /* Assets.xcassets in Resources */ = {isa = PBXBuildFile; fileRef = 8DFCA1A02BCF2D8C00020FBD /* Assets.xcassets */; };
		8DFCA1AF2BCF2D8D00020FBD /* AppDelegate.swift in Sources */ = {isa = PBXBuildFile; fileRef = 8DFCA1A12BCF2D8C00020FBD /* AppDelegate.swift */; };
		8DFCA1B22BCF2D8D00020FBD /* AppBrain.swift in Sources */ = {isa = PBXBuildFile; fileRef = 8DFCA1A72BCF2D8C00020FBD /* AppBrain.swift */; };
		8DFCA1B32BCF2D8D00020FBD /* CollectionViewController.swift in Sources */ = {isa = PBXBuildFile; fileRef = 8DFCA1A92BCF2D8C00020FBD /* CollectionViewController.swift */; };
		8DFCA1B42BCF2D8D00020FBD /* ValuesViewController.swift in Sources */ = {isa = PBXBuildFile; fileRef = 8DFCA1AA2BCF2D8C00020FBD /* ValuesViewController.swift */; };
		8DFCA1B52BCF2D8D00020FBD /* SceneDelegate.swift in Sources */ = {isa = PBXBuildFile; fileRef = 8DFCA1AC2BCF2D8C00020FBD /* SceneDelegate.swift */; };
		8DFCA1B62BCF2D8D00020FBD /* Constance.swift in Sources */ = {isa = PBXBuildFile; fileRef = 8DFCA1AD2BCF2D8D00020FBD /* Constance.swift */; };
		8DFCA1BC2BCF2F3200020FBD /* DecisionsCoreData.xcdatamodeld in Sources */ = {isa = PBXBuildFile; fileRef = 8DFCA1BA2BCF2F3200020FBD /* DecisionsCoreData.xcdatamodeld */; };
/* End PBXBuildFile section */

/* Begin PBXFileReference section */
		8DFCA1892BCF2D1400020FBD /* Easy decisions.app */ = {isa = PBXFileReference; explicitFileType = wrapper.application; includeInIndex = 0; path = "Easy decisions.app"; sourceTree = BUILT_PRODUCTS_DIR; };
		8DFCA19A2BCF2D1600020FBD /* Info.plist */ = {isa = PBXFileReference; lastKnownFileType = text.plist.xml; path = Info.plist; sourceTree = "<group>"; };
		8DFCA1A02BCF2D8C00020FBD /* Assets.xcassets */ = {isa = PBXFileReference; lastKnownFileType = folder.assetcatalog; path = Assets.xcassets; sourceTree = "<group>"; };
		8DFCA1A12BCF2D8C00020FBD /* AppDelegate.swift */ = {isa = PBXFileReference; fileEncoding = 4; lastKnownFileType = sourcecode.swift; path = AppDelegate.swift; sourceTree = "<group>"; };
		8DFCA1A22BCF2D8C00020FBD /* LaunchScreen.storyboard */ = {isa = PBXFileReference; lastKnownFileType = file.storyboard; path = LaunchScreen.storyboard; sourceTree = "<group>"; };
		8DFCA1A42BCF2D8C00020FBD /* Main.storyboard */ = {isa = PBXFileReference; lastKnownFileType = file.storyboard; path = Main.storyboard; sourceTree = "<group>"; };
		8DFCA1A72BCF2D8C00020FBD /* AppBrain.swift */ = {isa = PBXFileReference; fileEncoding = 4; lastKnownFileType = sourcecode.swift; path = AppBrain.swift; sourceTree = "<group>"; };
		8DFCA1A92BCF2D8C00020FBD /* CollectionViewController.swift */ = {isa = PBXFileReference; fileEncoding = 4; lastKnownFileType = sourcecode.swift; path = CollectionViewController.swift; sourceTree = "<group>"; };
		8DFCA1AA2BCF2D8C00020FBD /* ValuesViewController.swift */ = {isa = PBXFileReference; fileEncoding = 4; lastKnownFileType = sourcecode.swift; path = ValuesViewController.swift; sourceTree = "<group>"; };
		8DFCA1AC2BCF2D8C00020FBD /* SceneDelegate.swift */ = {isa = PBXFileReference; fileEncoding = 4; lastKnownFileType = sourcecode.swift; path = SceneDelegate.swift; sourceTree = "<group>"; };
		8DFCA1AD2BCF2D8D00020FBD /* Constance.swift */ = {isa = PBXFileReference; fileEncoding = 4; lastKnownFileType = sourcecode.swift; path = Constance.swift; sourceTree = "<group>"; };
		8DFCA1BB2BCF2F3200020FBD /* Decisions.xcdatamodel */ = {isa = PBXFileReference; lastKnownFileType = wrapper.xcdatamodel; path = Decisions.xcdatamodel; sourceTree = "<group>"; };
/* End PBXFileReference section */

/* Begin PBXFrameworksBuildPhase section */
		8DFCA1862BCF2D1400020FBD /* Frameworks */ = {
			isa = PBXFrameworksBuildPhase;
			buildActionMask = 2147483647;
			files = (
			);
			runOnlyForDeploymentPostprocessing = 0;
		};
/* End PBXFrameworksBuildPhase section */

/* Begin PBXGroup section */
		8DFCA1802BCF2D1400020FBD = {
			isa = PBXGroup;
			children = (
				8DFCA18B2BCF2D1400020FBD /* Easy decisions */,
				8DFCA18A2BCF2D1400020FBD /* Products */,
			);
			sourceTree = "<group>";
		};
		8DFCA18A2BCF2D1400020FBD /* Products */ = {
			isa = PBXGroup;
			children = (
				8DFCA1892BCF2D1400020FBD /* Easy decisions.app */,
			);
			name = Products;
			sourceTree = "<group>";
		};
		8DFCA18B2BCF2D1400020FBD /* Easy decisions */ = {
			isa = PBXGroup;
			children = (
				8DFCA1A12BCF2D8C00020FBD /* AppDelegate.swift */,
				8DFCA1A02BCF2D8C00020FBD /* Assets.xcassets */,
				8DFCA1A22BCF2D8C00020FBD /* LaunchScreen.storyboard */,
				8DFCA1A42BCF2D8C00020FBD /* Main.storyboard */,
				8DFCA1AD2BCF2D8D00020FBD /* Constance.swift */,
				8DFCA1BA2BCF2F3200020FBD /* DecisionsCoreData.xcdatamodeld */,
				8DFCA1AB2BCF2D8C00020FBD /* Controllers */,
				8DFCA1A82BCF2D8C00020FBD /* Modul */,
				8DFCA1AC2BCF2D8C00020FBD /* SceneDelegate.swift */,
				8DFCA19A2BCF2D1600020FBD /* Info.plist */,
			);
			path = "Easy decisions";
			sourceTree = "<group>";
		};
		8DFCA1A82BCF2D8C00020FBD /* Modul */ = {
			isa = PBXGroup;
			children = (
				8DFCA1A72BCF2D8C00020FBD /* AppBrain.swift */,
			);
			path = Modul;
			sourceTree = "<group>";
		};
		8DFCA1AB2BCF2D8C00020FBD /* Controllers */ = {
			isa = PBXGroup;
			children = (
				8DFCA1A92BCF2D8C00020FBD /* CollectionViewController.swift */,
				8DFCA1AA2BCF2D8C00020FBD /* ValuesViewController.swift */,
			);
			path = Controllers;
			sourceTree = "<group>";
		};
/* End PBXGroup section */

/* Begin PBXNativeTarget section */
		8DFCA1882BCF2D1400020FBD /* Easy decisions */ = {
			isa = PBXNativeTarget;
			buildConfigurationList = 8DFCA19D2BCF2D1600020FBD /* Build configuration list for PBXNativeTarget "Easy decisions" */;
			buildPhases = (
				8DFCA1852BCF2D1400020FBD /* Sources */,
				8DFCA1862BCF2D1400020FBD /* Frameworks */,
				8DFCA1872BCF2D1400020FBD /* Resources */,
			);
			buildRules = (
			);
			dependencies = (
			);
			name = "Easy decisions";
			productName = "Easy decisions";
			productReference = 8DFCA1892BCF2D1400020FBD /* Easy decisions.app */;
			productType = "com.apple.product-type.application";
		};
/* End PBXNativeTarget section */

/* Begin PBXProject section */
		8DFCA1812BCF2D1400020FBD /* Project object */ = {
			isa = PBXProject;
			attributes = {
				BuildIndependentTargetsInParallel = 1;
				LastSwiftUpdateCheck = 1530;
				LastUpgradeCheck = 1530;
				TargetAttributes = {
					8DFCA1882BCF2D1400020FBD = {
						CreatedOnToolsVersion = 15.3;
						LastSwiftMigration = 1530;
					};
				};
			};
			buildConfigurationList = 8DFCA1842BCF2D1400020FBD /* Build configuration list for PBXProject "Easy decisions" */;
			compatibilityVersion = "Xcode 14.0";
			developmentRegion = en;
			hasScannedForEncodings = 0;
			knownRegions = (
				en,
				Base,
			);
			mainGroup = 8DFCA1802BCF2D1400020FBD;
			productRefGroup = 8DFCA18A2BCF2D1400020FBD /* Products */;
			projectDirPath = "";
			projectRoot = "";
			targets = (
				8DFCA1882BCF2D1400020FBD /* Easy decisions */,
			);
		};
/* End PBXProject section */

/* Begin PBXResourcesBuildPhase section */
		8DFCA1872BCF2D1400020FBD /* Resources */ = {
			isa = PBXResourcesBuildPhase;
			buildActionMask = 2147483647;
			files = (
				8D71514D2BD5EC5D000597CB /* Main.storyboard in Resources */,
				8DFCA1AE2BCF2D8D00020FBD /* Assets.xcassets in Resources */,
				8D71514C2BD5EC5D000597CB /* LaunchScreen.storyboard in Resources */,
			);
			runOnlyForDeploymentPostprocessing = 0;
		};
/* End PBXResourcesBuildPhase section */

/* Begin PBXSourcesBuildPhase section */
		8DFCA1852BCF2D1400020FBD /* Sources */ = {
			isa = PBXSourcesBuildPhase;
			buildActionMask = 2147483647;
			files = (
				8DFCA1B52BCF2D8D00020FBD /* SceneDelegate.swift in Sources */,
				8DFCA1B42BCF2D8D00020FBD /* ValuesViewController.swift in Sources */,
				8DFCA1B62BCF2D8D00020FBD /* Constance.swift in Sources */,
				8DFCA1B32BCF2D8D00020FBD /* CollectionViewController.swift in Sources */,
				8DFCA1B22BCF2D8D00020FBD /* AppBrain.swift in Sources */,
				8DFCA1AF2BCF2D8D00020FBD /* AppDelegate.swift in Sources */,
				8DFCA1BC2BCF2F3200020FBD /* DecisionsCoreData.xcdatamodeld in Sources */,
			);
			runOnlyForDeploymentPostprocessing = 0;
		};
/* End PBXSourcesBuildPhase section */

/* Begin XCBuildConfiguration section */
		8DFCA19B2BCF2D1600020FBD /* Debug */ = {
			isa = XCBuildConfiguration;
			buildSettings = {
				ALWAYS_SEARCH_USER_PATHS = NO;
				ASSETCATALOG_COMPILER_GENERATE_SWIFT_ASSET_SYMBOL_EXTENSIONS = YES;
				CLANG_ANALYZER_NONNULL = YES;
				CLANG_ANALYZER_NUMBER_OBJECT_CONVERSION = YES_AGGRESSIVE;
				CLANG_CXX_LANGUAGE_STANDARD = "gnu++20";
				CLANG_ENABLE_MODULES = YES;
				CLANG_ENABLE_OBJC_ARC = YES;
				CLANG_ENABLE_OBJC_WEAK = YES;
				CLANG_WARN_BLOCK_CAPTURE_AUTORELEASING = YES;
				CLANG_WARN_BOOL_CONVERSION = YES;
				CLANG_WARN_COMMA = YES;
				CLANG_WARN_CONSTANT_CONVERSION = YES;
				CLANG_WARN_DEPRECATED_OBJC_IMPLEMENTATIONS = YES;
				CLANG_WARN_DIRECT_OBJC_ISA_USAGE = YES_ERROR;
				CLANG_WARN_DOCUMENTATION_COMMENTS = YES;
				CLANG_WARN_EMPTY_BODY = YES;
				CLANG_WARN_ENUM_CONVERSION = YES;
				CLANG_WARN_INFINITE_RECURSION = YES;
				CLANG_WARN_INT_CONVERSION = YES;
				CLANG_WARN_NON_LITERAL_NULL_CONVERSION = YES;
				CLANG_WARN_OBJC_IMPLICIT_RETAIN_SELF = YES;
				CLANG_WARN_OBJC_LITERAL_CONVERSION = YES;
				CLANG_WARN_OBJC_ROOT_CLASS = YES_ERROR;
				CLANG_WARN_QUOTED_INCLUDE_IN_FRAMEWORK_HEADER = YES;
				CLANG_WARN_RANGE_LOOP_ANALYSIS = YES;
				CLANG_WARN_STRICT_PROTOTYPES = YES;
				CLANG_WARN_SUSPICIOUS_MOVE = YES;
				CLANG_WARN_UNGUARDED_AVAILABILITY = YES_AGGRESSIVE;
				CLANG_WARN_UNREACHABLE_CODE = YES;
				CLANG_WARN__DUPLICATE_METHOD_MATCH = YES;
				COPY_PHASE_STRIP = NO;
				DEBUG_INFORMATION_FORMAT = dwarf;
				ENABLE_STRICT_OBJC_MSGSEND = YES;
				ENABLE_TESTABILITY = YES;
				ENABLE_USER_SCRIPT_SANDBOXING = YES;
				GCC_C_LANGUAGE_STANDARD = gnu17;
				GCC_DYNAMIC_NO_PIC = NO;
				GCC_NO_COMMON_BLOCKS = YES;
				GCC_OPTIMIZATION_LEVEL = 0;
				GCC_PREPROCESSOR_DEFINITIONS = (
					"DEBUG=1",
					"$(inherited)",
				);
				GCC_WARN_64_TO_32_BIT_CONVERSION = YES;
				GCC_WARN_ABOUT_RETURN_TYPE = YES_ERROR;
				GCC_WARN_UNDECLARED_SELECTOR = YES;
				GCC_WARN_UNINITIALIZED_AUTOS = YES_AGGRESSIVE;
				GCC_WARN_UNUSED_FUNCTION = YES;
				GCC_WARN_UNUSED_VARIABLE = YES;
				IPHONEOS_DEPLOYMENT_TARGET = 17.4;
				LOCALIZATION_PREFERS_STRING_CATALOGS = YES;
				MTL_ENABLE_DEBUG_INFO = INCLUDE_SOURCE;
				MTL_FAST_MATH = YES;
				ONLY_ACTIVE_ARCH = YES;
				SDKROOT = iphoneos;
				SWIFT_ACTIVE_COMPILATION_CONDITIONS = "DEBUG $(inherited)";
				SWIFT_OPTIMIZATION_LEVEL = "-Onone";
			};
			name = Debug;
		};
		8DFCA19C2BCF2D1600020FBD /* Release */ = {
			isa = XCBuildConfiguration;
			buildSettings = {
				ALWAYS_SEARCH_USER_PATHS = NO;
				ASSETCATALOG_COMPILER_GENERATE_SWIFT_ASSET_SYMBOL_EXTENSIONS = YES;
				CLANG_ANALYZER_NONNULL = YES;
				CLANG_ANALYZER_NUMBER_OBJECT_CONVERSION = YES_AGGRESSIVE;
				CLANG_CXX_LANGUAGE_STANDARD = "gnu++20";
				CLANG_ENABLE_MODULES = YES;
				CLANG_ENABLE_OBJC_ARC = YES;
				CLANG_ENABLE_OBJC_WEAK = YES;
				CLANG_WARN_BLOCK_CAPTURE_AUTORELEASING = YES;
				CLANG_WARN_BOOL_CONVERSION = YES;
				CLANG_WARN_COMMA = YES;
				CLANG_WARN_CONSTANT_CONVERSION = YES;
				CLANG_WARN_DEPRECATED_OBJC_IMPLEMENTATIONS = YES;
				CLANG_WARN_DIRECT_OBJC_ISA_USAGE = YES_ERROR;
				CLANG_WARN_DOCUMENTATION_COMMENTS = YES;
				CLANG_WARN_EMPTY_BODY = YES;
				CLANG_WARN_ENUM_CONVERSION = YES;
				CLANG_WARN_INFINITE_RECURSION = YES;
				CLANG_WARN_INT_CONVERSION = YES;
				CLANG_WARN_NON_LITERAL_NULL_CONVERSION = YES;
				CLANG_WARN_OBJC_IMPLICIT_RETAIN_SELF = YES;
				CLANG_WARN_OBJC_LITERAL_CONVERSION = YES;
				CLANG_WARN_OBJC_ROOT_CLASS = YES_ERROR;
				CLANG_WARN_QUOTED_INCLUDE_IN_FRAMEWORK_HEADER = YES;
				CLANG_WARN_RANGE_LOOP_ANALYSIS = YES;
				CLANG_WARN_STRICT_PROTOTYPES = YES;
				CLANG_WARN_SUSPICIOUS_MOVE = YES;
				CLANG_WARN_UNGUARDED_AVAILABILITY = YES_AGGRESSIVE;
				CLANG_WARN_UNREACHABLE_CODE = YES;
				CLANG_WARN__DUPLICATE_METHOD_MATCH = YES;
				COPY_PHASE_STRIP = NO;
				DEBUG_INFORMATION_FORMAT = "dwarf-with-dsym";
				ENABLE_NS_ASSERTIONS = NO;
				ENABLE_STRICT_OBJC_MSGSEND = YES;
				ENABLE_USER_SCRIPT_SANDBOXING = YES;
				GCC_C_LANGUAGE_STANDARD = gnu17;
				GCC_NO_COMMON_BLOCKS = YES;
				GCC_WARN_64_TO_32_BIT_CONVERSION = YES;
				GCC_WARN_ABOUT_RETURN_TYPE = YES_ERROR;
				GCC_WARN_UNDECLARED_SELECTOR = YES;
				GCC_WARN_UNINITIALIZED_AUTOS = YES_AGGRESSIVE;
				GCC_WARN_UNUSED_FUNCTION = YES;
				GCC_WARN_UNUSED_VARIABLE = YES;
				IPHONEOS_DEPLOYMENT_TARGET = 17.4;
				LOCALIZATION_PREFERS_STRING_CATALOGS = YES;
				MTL_ENABLE_DEBUG_INFO = NO;
				MTL_FAST_MATH = YES;
				SDKROOT = iphoneos;
				SWIFT_COMPILATION_MODE = wholemodule;
				VALIDATE_PRODUCT = YES;
			};
			name = Release;
		};
		8DFCA19E2BCF2D1600020FBD /* Debug */ = {
			isa = XCBuildConfiguration;
			buildSettings = {
				ASSETCATALOG_COMPILER_APPICON_NAME = AppIcon;
				ASSETCATALOG_COMPILER_GLOBAL_ACCENT_COLOR_NAME = AccentColor;
				CLANG_ENABLE_MODULES = YES;
				CODE_SIGN_STYLE = Automatic;
				CURRENT_PROJECT_VERSION = 1;
				DEVELOPMENT_TEAM = FQA2XH9ZUM;
				GENERATE_INFOPLIST_FILE = YES;
				INFOPLIST_FILE = "Easy decisions/Info.plist";
				INFOPLIST_KEY_UIApplicationSupportsIndirectInputEvents = YES;
				INFOPLIST_KEY_UILaunchStoryboardName = LaunchScreen;
				INFOPLIST_KEY_UIMainStoryboardFile = Main;
				INFOPLIST_KEY_UISupportedInterfaceOrientations_iPad = "UIInterfaceOrientationPortrait UIInterfaceOrientationPortraitUpsideDown UIInterfaceOrientationLandscapeLeft UIInterfaceOrientationLandscapeRight";
				INFOPLIST_KEY_UISupportedInterfaceOrientations_iPhone = "UIInterfaceOrientationPortrait UIInterfaceOrientationLandscapeLeft UIInterfaceOrientationLandscapeRight";
				IPHONEOS_DEPLOYMENT_TARGET = 12.0;
				LD_RUNPATH_SEARCH_PATHS = (
					"$(inherited)",
					"@executable_path/Frameworks",
				);
				MARKETING_VERSION = 2;
				PRODUCT_BUNDLE_IDENTIFIER = Dovhiy.Misha.Decisions;
				PRODUCT_NAME = "$(TARGET_NAME)";
				SWIFT_EMIT_LOC_STRINGS = YES;
				SWIFT_OPTIMIZATION_LEVEL = "-Onone";
				SWIFT_VERSION = 5.0;
				TARGETED_DEVICE_FAMILY = "1,2";
			};
			name = Debug;
		};
		8DFCA19F2BCF2D1600020FBD /* Release */ = {
			isa = XCBuildConfiguration;
			buildSettings = {
				ASSETCATALOG_COMPILER_APPICON_NAME = AppIcon;
				ASSETCATALOG_COMPILER_GLOBAL_ACCENT_COLOR_NAME = AccentColor;
				CLANG_ENABLE_MODULES = YES;
				CODE_SIGN_STYLE = Automatic;
				CURRENT_PROJECT_VERSION = 1;
				DEVELOPMENT_TEAM = FQA2XH9ZUM;
				GENERATE_INFOPLIST_FILE = YES;
				INFOPLIST_FILE = "Easy decisions/Info.plist";
				INFOPLIST_KEY_UIApplicationSupportsIndirectInputEvents = YES;
				INFOPLIST_KEY_UILaunchStoryboardName = LaunchScreen;
				INFOPLIST_KEY_UIMainStoryboardFile = Main;
				INFOPLIST_KEY_UISupportedInterfaceOrientations_iPad = "UIInterfaceOrientationPortrait UIInterfaceOrientationPortraitUpsideDown UIInterfaceOrientationLandscapeLeft UIInterfaceOrientationLandscapeRight";
				INFOPLIST_KEY_UISupportedInterfaceOrientations_iPhone = "UIInterfaceOrientationPortrait UIInterfaceOrientationLandscapeLeft UIInterfaceOrientationLandscapeRight";
				IPHONEOS_DEPLOYMENT_TARGET = 12.0;
				LD_RUNPATH_SEARCH_PATHS = (
					"$(inherited)",
					"@executable_path/Frameworks",
				);
				MARKETING_VERSION = 2;
				PRODUCT_BUNDLE_IDENTIFIER = Dovhiy.Misha.Decisions;
				PRODUCT_NAME = "$(TARGET_NAME)";
				SWIFT_EMIT_LOC_STRINGS = YES;
				SWIFT_VERSION = 5.0;
				TARGETED_DEVICE_FAMILY = "1,2";
			};
			name = Release;
		};
/* End XCBuildConfiguration section */

/* Begin XCConfigurationList section */
		8DFCA1842BCF2D1400020FBD /* Build configuration list for PBXProject "Easy decisions" */ = {
			isa = XCConfigurationList;
			buildConfigurations = (
				8DFCA19B2BCF2D1600020FBD /* Debug */,
				8DFCA19C2BCF2D1600020FBD /* Release */,
			);
			defaultConfigurationIsVisible = 0;
			defaultConfigurationName = Release;
		};
		8DFCA19D2BCF2D1600020FBD /* Build configuration list for PBXNativeTarget "Easy decisions" */ = {
			isa = XCConfigurationList;
			buildConfigurations = (
				8DFCA19E2BCF2D1600020FBD /* Debug */,
				8DFCA19F2BCF2D1600020FBD /* Release */,
			);
			defaultConfigurationIsVisible = 0;
			defaultConfigurationName = Release;
		};
/* End XCConfigurationList section */

/* Begin XCVersionGroup section */
		8DFCA1BA2BCF2F3200020FBD /* DecisionsCoreData.xcdatamodeld */ = {
			isa = XCVersionGroup;
			children = (
				8DFCA1BB2BCF2F3200020FBD /* Decisions.xcdatamodel */,
			);
			currentVersion = 8DFCA1BB2BCF2F3200020FBD /* Decisions.xcdatamodel */;
			path = DecisionsCoreData.xcdatamodeld;
			sourceTree = "<group>";
			versionGroupType = wrapper.xcdatamodel;
		};
/* End XCVersionGroup section */
	};
	rootObject = 8DFCA1812BCF2D1400020FBD /* Project object */;
}
